
Microsoft Visual Studio Solution File, Format Version 12.00
# Visual Studio 15
VisualStudioVersion = 15.0.26730.15
MinimumVisualStudioVersion = 10.0.40219.1
Project("{FAE04EC0-301F-11D3-BF4B-00C04F79EFBC}") = "MyAlbumData", "MyAlbumData\MyAlbumData.csproj", "{9924C586-61DC-40E9-87D1-56091FFC9D87}"
EndProject
Project("{FAE04EC0-301F-11D3-BF4B-00C04F79EFBC}") = "MyPhotoAlbum", "..\MyPhotoAlbum\MyPhotoAlbum.csproj", "{AC12115D-8C0C-41C5-8BF4-DE8ACA789899}"
EndProject
Project("{FAE04EC0-301F-11D3-BF4B-00C04F79EFBC}") = "MyPhotoControls", "..\MyPhotoControls\MyPhotoControls.csproj", "{1B8CB21F-4409-4B7D-857D-C6284E41371E}"
EndProject
Global
	GlobalSection(SolutionConfigurationPlatforms) = preSolution
		Debug|Any CPU = Debug|Any CPU
		Release|Any CPU = Release|Any CPU
	EndGlobalSection
	GlobalSection(ProjectConfigurationPlatforms) = postSolution
		{9924C586-61DC-40E9-87D1-56091FFC9D87}.Debug|Any CPU.ActiveCfg = Debug|Any CPU
		{9924C586-61DC-40E9-87D1-56091FFC9D87}.Debug|Any CPU.Build.0 = Debug|Any CPU
		{9924C586-61DC-40E9-87D1-56091FFC9D87}.Release|Any CPU.ActiveCfg = Release|Any CPU
		{9924C586-61DC-40E9-87D1-56091FFC9D87}.Release|Any CPU.Build.0 = Release|Any CPU
		{AC12115D-8C0C-41C5-8BF4-DE8ACA789899}.Debug|Any CPU.ActiveCfg = Debug|Any CPU
		{AC12115D-8C0C-41C5-8BF4-DE8ACA789899}.Debug|Any CPU.Build.0 = Debug|Any CPU
		{AC12115D-8C0C-41C5-8BF4-DE8ACA789899}.Release|Any CPU.ActiveCfg = Release|Any CPU
		{AC12115D-8C0C-41C5-8BF4-DE8ACA789899}.Release|Any CPU.Build.0 = Release|Any CPU
		{1B8CB21F-4409-4B7D-857D-C6284E41371E}.Debug|Any CPU.ActiveCfg = Debug|Any CPU
		{1B8CB21F-4409-4B7D-857D-C6284E41371E}.Debug|Any CPU.Build.0 = Debug|Any CPU
		{1B8CB21F-4409-4B7D-857D-C6284E41371E}.Release|Any CPU.ActiveCfg = Release|Any CPU
		{1B8CB21F-4409-4B7D-857D-C6284E41371E}.Release|Any CPU.Build.0 = Release|Any CPU
	EndGlobalSection
	GlobalSection(SolutionProperties) = preSolution
		HideSolutionNode = FALSE
	EndGlobalSection
	GlobalSection(ExtensibilityGlobals) = postSolution
		SolutionGuid = {F52BFB11-C47C-4D43-B362-202828EA7534}
	EndGlobalSection
EndGlobal
